
Microsoft Visual Studio Solution File, Format Version 12.00
# Visual Studio 15
VisualStudioVersion = 15.0.28307.329
MinimumVisualStudioVersion = 10.0.40219.1
Project("{FAE04EC0-301F-11D3-BF4B-00C04F79EFBC}") = "QuanLyBHLN", "QuanLyBHLN\QuanLyBHLN.csproj", "{130AA7A5-4E3D-4E20-A512-186B2F0E66C6}"
EndProject
Global
	GlobalSection(SolutionConfigurationPlatforms) = preSolution
		Debug|Any CPU = Debug|Any CPU
		Release|Any CPU = Release|Any CPU
	EndGlobalSection
	GlobalSection(ProjectConfigurationPlatforms) = postSolution
		{130AA7A5-4E3D-4E20-A512-186B2F0E66C6}.Debug|Any CPU.ActiveCfg = Debug|Any CPU
		{130AA7A5-4E3D-4E20-A512-186B2F0E66C6}.Debug|Any CPU.Build.0 = Debug|Any CPU
		{130AA7A5-4E3D-4E20-A512-186B2F0E66C6}.Release|Any CPU.ActiveCfg = Release|Any CPU
		{130AA7A5-4E3D-4E20-A512-186B2F0E66C6}.Release|Any CPU.Build.0 = Release|Any CPU
	EndGlobalSection
	GlobalSection(SolutionProperties) = preSolution
		HideSolutionNode = FALSE
	EndGlobalSection
	GlobalSection(ExtensibilityGlobals) = postSolution
		SolutionGuid = {2E71F058-78C8-405D-AD01-429C2E07C444}
	EndGlobalSection
EndGlobal
